
Microsoft Visual Studio Solution File, Format Version 12.00
# Visual Studio Version 16
VisualStudioVersion = 16.0.30114.105
MinimumVisualStudioVersion = 10.0.40219.1
Project("{2150E333-8FDC-42A3-9474-1A3956D46DE8}") = "src", "src", "{3375DCC1-DDDE-4287-8065-C9601C12331D}"
EndProject
Project("{FAE04EC0-301F-11D3-BF4B-00C04F79EFBC}") = "Datamuse", "src\Datamuse\Datamuse.csproj", "{086978DF-B38E-485C-8DEA-D04A6EA4FA90}"
EndProject
Global
	GlobalSection(SolutionConfigurationPlatforms) = preSolution
		Debug|Any CPU = Debug|Any CPU
		Release|Any CPU = Release|Any CPU
	EndGlobalSection
	GlobalSection(SolutionProperties) = preSolution
		HideSolutionNode = FALSE
	EndGlobalSection
	GlobalSection(ProjectConfigurationPlatforms) = postSolution
		{086978DF-B38E-485C-8DEA-D04A6EA4FA90}.Debug|Any CPU.ActiveCfg = Debug|Any CPU
		{086978DF-B38E-485C-8DEA-D04A6EA4FA90}.Debug|Any CPU.Build.0 = Debug|Any CPU
		{086978DF-B38E-485C-8DEA-D04A6EA4FA90}.Release|Any CPU.ActiveCfg = Release|Any CPU
		{086978DF-B38E-485C-8DEA-D04A6EA4FA90}.Release|Any CPU.Build.0 = Release|Any CPU
	EndGlobalSection
	GlobalSection(NestedProjects) = preSolution
		{086978DF-B38E-485C-8DEA-D04A6EA4FA90} = {3375DCC1-DDDE-4287-8065-C9601C12331D}
	EndGlobalSection
EndGlobal
